
Microsoft Visual Studio Solution File, Format Version 12.00
# Visual Studio Version 17
VisualStudioVersion = 17.7.34009.444
MinimumVisualStudioVersion = 10.0.40219.1
Project("{9A19103F-16F7-4668-BE54-9A1E7A4F7556}") = "Discord Bot", "Discord Bot.csproj", "{BEEBAF4C-FDB2-4A66-B476-8E815E46A32E}"
EndProject
Global
	GlobalSection(SolutionConfigurationPlatforms) = preSolution
		Debug|Any CPU = Debug|Any CPU
		Release|Any CPU = Release|Any CPU
	EndGlobalSection
	GlobalSection(ProjectConfigurationPlatforms) = postSolution
		{BEEBAF4C-FDB2-4A66-B476-8E815E46A32E}.Debug|Any CPU.ActiveCfg = Debug|Any CPU
		{BEEBAF4C-FDB2-4A66-B476-8E815E46A32E}.Debug|Any CPU.Build.0 = Debug|Any CPU
		{BEEBAF4C-FDB2-4A66-B476-8E815E46A32E}.Release|Any CPU.ActiveCfg = Release|Any CPU
		{BEEBAF4C-FDB2-4A66-B476-8E815E46A32E}.Release|Any CPU.Build.0 = Release|Any CPU
	EndGlobalSection
	GlobalSection(SolutionProperties) = preSolution
		HideSolutionNode = FALSE
	EndGlobalSection
	GlobalSection(ExtensibilityGlobals) = postSolution
		SolutionGuid = {69C65992-0D6A-4E77-966D-1F016F74FCEC}
	EndGlobalSection
EndGlobal
